
Microsoft Visual Studio Solution File, Format Version 12.00
# Visual Studio 15
VisualStudioVersion = 15.0.26430.13
MinimumVisualStudioVersion = 10.0.40219.1
Project("{FAE04EC0-301F-11D3-BF4B-00C04F79EFBC}") = "01.Passed", "01.Passed\01.Passed.csproj", "{3FD6F94A-BD52-4CF6-984C-3DD5C222EBA5}"
EndProject
Project("{FAE04EC0-301F-11D3-BF4B-00C04F79EFBC}") = "02.PassedOrFailed", "02.PassedOrFailed\02.PassedOrFailed.csproj", "{BDA800E4-A02B-4675-8E76-6D682098EF7E}"
EndProject
Project("{FAE04EC0-301F-11D3-BF4B-00C04F79EFBC}") = "03.BackIn30Minutes", "03.BackIn30Minutes\03.BackIn30Minutes.csproj", "{B3410938-6AFB-482F-B82F-E7F3B72E81E5}"
EndProject
Project("{FAE04EC0-301F-11D3-BF4B-00C04F79EFBC}") = "04.MonthPrinter", "04.MonthPrinter\04.MonthPrinter.csproj", "{E154A24E-16DC-449E-9834-B7A167C188D1}"
EndProject
Project("{FAE04EC0-301F-11D3-BF4B-00C04F79EFBC}") = "05.ForeignLanguages", "05.ForeignLanguages\05.ForeignLanguages.csproj", "{A24C0422-4252-4834-BFAC-1A59850A9ECC}"
EndProject
Project("{FAE04EC0-301F-11D3-BF4B-00C04F79EFBC}") = "06.TheatrePromotions", "06.TheatrePromotions\06.TheatrePromotions.csproj", "{DCBA94D8-8402-4122-A637-2F1A6476DCF4}"
EndProject
Project("{FAE04EC0-301F-11D3-BF4B-00C04F79EFBC}") = "07.DivisibleBy3", "07.DivisibleBy3\07.DivisibleBy3.csproj", "{6A3AB245-EBDD-4132-B2DA-5BA510E51251}"
EndProject
Project("{FAE04EC0-301F-11D3-BF4B-00C04F79EFBC}") = "08.SumOfOddNumbers", "08.SumOfOddNumbers\08.SumOfOddNumbers.csproj", "{B99688B8-198B-4C04-B401-A8729514D754}"
EndProject
Project("{FAE04EC0-301F-11D3-BF4B-00C04F79EFBC}") = "09.MultiplicationTable", "09.MultiplicationTable\09.MultiplicationTable.csproj", "{EF547C22-914D-44A3-8992-8EEA618820B0}"
EndProject
Project("{FAE04EC0-301F-11D3-BF4B-00C04F79EFBC}") = "10.MultiplicationTable2.0", "10.MultiplicationTable2.0\10.MultiplicationTable2.0.csproj", "{9025A209-724B-4DAE-B25E-296CE9556E5A}"
EndProject
Project("{FAE04EC0-301F-11D3-BF4B-00C04F79EFBC}") = "11.OddNumber", "11.OddNumber\11.OddNumber.csproj", "{4F982B0A-5EDD-4A8C-9401-7B65D4C34E13}"
EndProject
Project("{FAE04EC0-301F-11D3-BF4B-00C04F79EFBC}") = "12.NumberChecker", "12.NumberChecker\12.NumberChecker.csproj", "{D9FD2910-AE54-4F3F-ACDF-789696D72BD2}"
EndProject
Global
	GlobalSection(SolutionConfigurationPlatforms) = preSolution
		Debug|Any CPU = Debug|Any CPU
		Release|Any CPU = Release|Any CPU
	EndGlobalSection
	GlobalSection(ProjectConfigurationPlatforms) = postSolution
		{3FD6F94A-BD52-4CF6-984C-3DD5C222EBA5}.Debug|Any CPU.ActiveCfg = Debug|Any CPU
		{3FD6F94A-BD52-4CF6-984C-3DD5C222EBA5}.Debug|Any CPU.Build.0 = Debug|Any CPU
		{3FD6F94A-BD52-4CF6-984C-3DD5C222EBA5}.Release|Any CPU.ActiveCfg = Release|Any CPU
		{3FD6F94A-BD52-4CF6-984C-3DD5C222EBA5}.Release|Any CPU.Build.0 = Release|Any CPU
		{BDA800E4-A02B-4675-8E76-6D682098EF7E}.Debug|Any CPU.ActiveCfg = Debug|Any CPU
		{BDA800E4-A02B-4675-8E76-6D682098EF7E}.Debug|Any CPU.Build.0 = Debug|Any CPU
		{BDA800E4-A02B-4675-8E76-6D682098EF7E}.Release|Any CPU.ActiveCfg = Release|Any CPU
		{BDA800E4-A02B-4675-8E76-6D682098EF7E}.Release|Any CPU.Build.0 = Release|Any CPU
		{B3410938-6AFB-482F-B82F-E7F3B72E81E5}.Debug|Any CPU.ActiveCfg = Debug|Any CPU
		{B3410938-6AFB-482F-B82F-E7F3B72E81E5}.Debug|Any CPU.Build.0 = Debug|Any CPU
		{B3410938-6AFB-482F-B82F-E7F3B72E81E5}.Release|Any CPU.ActiveCfg = Release|Any CPU
		{B3410938-6AFB-482F-B82F-E7F3B72E81E5}.Release|Any CPU.Build.0 = Release|Any CPU
		{E154A24E-16DC-449E-9834-B7A167C188D1}.Debug|Any CPU.ActiveCfg = Debug|Any CPU
		{E154A24E-16DC-449E-9834-B7A167C188D1}.Debug|Any CPU.Build.0 = Debug|Any CPU
		{E154A24E-16DC-449E-9834-B7A167C188D1}.Release|Any CPU.ActiveCfg = Release|Any CPU
		{E154A24E-16DC-449E-9834-B7A167C188D1}.Release|Any CPU.Build.0 = Release|Any CPU
		{A24C0422-4252-4834-BFAC-1A59850A9ECC}.Debug|Any CPU.ActiveCfg = Debug|Any CPU
		{A24C0422-4252-4834-BFAC-1A59850A9ECC}.Debug|Any CPU.Build.0 = Debug|Any CPU
		{A24C0422-4252-4834-BFAC-1A59850A9ECC}.Release|Any CPU.ActiveCfg = Release|Any CPU
		{A24C0422-4252-4834-BFAC-1A59850A9ECC}.Release|Any CPU.Build.0 = Release|Any CPU
		{DCBA94D8-8402-4122-A637-2F1A6476DCF4}.Debug|Any CPU.ActiveCfg = Debug|Any CPU
		{DCBA94D8-8402-4122-A637-2F1A6476DCF4}.Debug|Any CPU.Build.0 = Debug|Any CPU
		{DCBA94D8-8402-4122-A637-2F1A6476DCF4}.Release|Any CPU.ActiveCfg = Release|Any CPU
		{DCBA94D8-8402-4122-A637-2F1A6476DCF4}.Release|Any CPU.Build.0 = Release|Any CPU
		{6A3AB245-EBDD-4132-B2DA-5BA510E51251}.Debug|Any CPU.ActiveCfg = Debug|Any CPU
		{6A3AB245-EBDD-4132-B2DA-5BA510E51251}.Debug|Any CPU.Build.0 = Debug|Any CPU
		{6A3AB245-EBDD-4132-B2DA-5BA510E51251}.Release|Any CPU.ActiveCfg = Release|Any CPU
		{6A3AB245-EBDD-4132-B2DA-5BA510E51251}.Release|Any CPU.Build.0 = Release|Any CPU
		{B99688B8-198B-4C04-B401-A8729514D754}.Debug|Any CPU.ActiveCfg = Debug|Any CPU
		{B99688B8-198B-4C04-B401-A8729514D754}.Debug|Any CPU.Build.0 = Debug|Any CPU
		{B99688B8-198B-4C04-B401-A8729514D754}.Release|Any CPU.ActiveCfg = Release|Any CPU
		{B99688B8-198B-4C04-B401-A8729514D754}.Release|Any CPU.Build.0 = Release|Any CPU
		{EF547C22-914D-44A3-8992-8EEA618820B0}.Debug|Any CPU.ActiveCfg = Debug|Any CPU
		{EF547C22-914D-44A3-8992-8EEA618820B0}.Debug|Any CPU.Build.0 = Debug|Any CPU
		{EF547C22-914D-44A3-8992-8EEA618820B0}.Release|Any CPU.ActiveCfg = Release|Any CPU
		{EF547C22-914D-44A3-8992-8EEA618820B0}.Release|Any CPU.Build.0 = Release|Any CPU
		{9025A209-724B-4DAE-B25E-296CE9556E5A}.Debug|Any CPU.ActiveCfg = Debug|Any CPU
		{9025A209-724B-4DAE-B25E-296CE9556E5A}.Debug|Any CPU.Build.0 = Debug|Any CPU
		{9025A209-724B-4DAE-B25E-296CE9556E5A}.Release|Any CPU.ActiveCfg = Release|Any CPU
		{9025A209-724B-4DAE-B25E-296CE9556E5A}.Release|Any CPU.Build.0 = Release|Any CPU
		{4F982B0A-5EDD-4A8C-9401-7B65D4C34E13}.Debug|Any CPU.ActiveCfg = Debug|Any CPU
		{4F982B0A-5EDD-4A8C-9401-7B65D4C34E13}.Debug|Any CPU.Build.0 = Debug|Any CPU
		{4F982B0A-5EDD-4A8C-9401-7B65D4C34E13}.Release|Any CPU.ActiveCfg = Release|Any CPU
		{4F982B0A-5EDD-4A8C-9401-7B65D4C34E13}.Release|Any CPU.Build.0 = Release|Any CPU
		{D9FD2910-AE54-4F3F-ACDF-789696D72BD2}.Debug|Any CPU.ActiveCfg = Debug|Any CPU
		{D9FD2910-AE54-4F3F-ACDF-789696D72BD2}.Debug|Any CPU.Build.0 = Debug|Any CPU
		{D9FD2910-AE54-4F3F-ACDF-789696D72BD2}.Release|Any CPU.ActiveCfg = Release|Any CPU
		{D9FD2910-AE54-4F3F-ACDF-789696D72BD2}.Release|Any CPU.Build.0 = Release|Any CPU
	EndGlobalSection
	GlobalSection(SolutionProperties) = preSolution
		HideSolutionNode = FALSE
	EndGlobalSection
EndGlobal
