
Microsoft Visual Studio Solution File, Format Version 12.00
# Visual Studio 15
VisualStudioVersion = 15.0.26430.16
MinimumVisualStudioVersion = 10.0.40219.1
Project("{FAE04EC0-301F-11D3-BF4B-00C04F79EFBC}") = "01.Hello,Name!", "01.Hello,Name!\01.Hello,Name!.csproj", "{425D9B49-9BBC-4A20-BDC6-636B28950F09}"
EndProject
Project("{FAE04EC0-301F-11D3-BF4B-00C04F79EFBC}") = "02.MaxMethod", "02.MaxMethod\02.MaxMethod.csproj", "{916AFA92-0EAF-4C99-98AA-DB7EF0F18B34}"
EndProject
Project("{FAE04EC0-301F-11D3-BF4B-00C04F79EFBC}") = "03.EnglishNameOfLastDigit", "03.EnglishNameOfLastDigit\03.EnglishNameOfLastDigit.csproj", "{A87F916E-46E1-43C0-A102-71AD61E54ECE}"
EndProject
Project("{FAE04EC0-301F-11D3-BF4B-00C04F79EFBC}") = "04.NumbersInReversedOrder", "04.NumbersInReversedOrder\04.NumbersInReversedOrder.csproj", "{16554760-B0DB-4641-B48C-30E4B7188DA7}"
EndProject
Project("{FAE04EC0-301F-11D3-BF4B-00C04F79EFBC}") = "05.FibonacciNumbers", "05.FibonacciNumbers\05.FibonacciNumbers.csproj", "{ECBE4D47-8C68-48C1-878C-1DE03E52F26A}"
EndProject
Project("{FAE04EC0-301F-11D3-BF4B-00C04F79EFBC}") = "06.PrimeChecker", "06.PrimeChecker\06.PrimeChecker.csproj", "{C03D8E97-5CCF-4AD7-A15F-5A54C853DB78}"
EndProject
Project("{FAE04EC0-301F-11D3-BF4B-00C04F79EFBC}") = "07.PrimesInGivenRange", "07.PrimesInGivenRange\07.PrimesInGivenRange.csproj", "{88AB39A2-1E6C-4166-9982-4D85340535EF}"
EndProject
Project("{FAE04EC0-301F-11D3-BF4B-00C04F79EFBC}") = "08.CenterPoint", "08.CenterPoint\08.CenterPoint.csproj", "{D4D44B93-8A6B-42BC-B234-57DDF83C5C8D}"
EndProject
Project("{FAE04EC0-301F-11D3-BF4B-00C04F79EFBC}") = "09.LongerLine", "09.LongerLine\09.LongerLine.csproj", "{9F1ACB9A-BD63-4AC2-B4B6-623D72187F67}"
EndProject
Project("{FAE04EC0-301F-11D3-BF4B-00C04F79EFBC}") = "10.CubeProperties", "10.CubeProperties\10.CubeProperties.csproj", "{DD021934-07D6-4510-BB61-1E038B107420}"
EndProject
Project("{FAE04EC0-301F-11D3-BF4B-00C04F79EFBC}") = "11.GeometryCalculator", "11.GeometryCalculator\11.GeometryCalculator.csproj", "{8DC3AF7E-F35C-414F-8ABB-EE6EED7DA4AB}"
EndProject
Project("{FAE04EC0-301F-11D3-BF4B-00C04F79EFBC}") = "12.MasterNumber", "12.MasterNumber\12.MasterNumber.csproj", "{846DF1DB-F4CC-4015-B3F6-C73D292993CD}"
EndProject
Project("{FAE04EC0-301F-11D3-BF4B-00C04F79EFBC}") = "13.Factorial", "13.Factorial\13.Factorial.csproj", "{82D9D813-F2F3-4E50-8A10-078066ED0CBF}"
EndProject
Project("{FAE04EC0-301F-11D3-BF4B-00C04F79EFBC}") = "14.FactorialTrailingZeroes", "14.FactorialTrailingZeroes\14.FactorialTrailingZeroes.csproj", "{6F5685D8-0347-4DB2-AB7E-5E85C6B2DFEC}"
EndProject
Project("{FAE04EC0-301F-11D3-BF4B-00C04F79EFBC}") = "15.Substring", "15.Substring\15.Substring.csproj", "{930C5EB4-ECF6-4168-8E6D-9B6177E3EBA8}"
EndProject
Project("{FAE04EC0-301F-11D3-BF4B-00C04F79EFBC}") = "16.InstructionSet", "16.InstructionSet\16.InstructionSet.csproj", "{A947CC0B-C71C-4DEC-AD74-0A7A1D86DBEE}"
EndProject
Project("{FAE04EC0-301F-11D3-BF4B-00C04F79EFBC}") = "17.BePositive", "17.BePositive\17.BePositive.csproj", "{A413E346-C830-489B-81F9-50B1E1DB0089}"
EndProject
Project("{FAE04EC0-301F-11D3-BF4B-00C04F79EFBC}") = "18.SequenceOfCommands", "18.SequenceOfCommands\18.SequenceOfCommands.csproj", "{AC275CC6-4652-4553-ADBF-A4992886AC88}"
EndProject
Global
	GlobalSection(SolutionConfigurationPlatforms) = preSolution
		Debug|Any CPU = Debug|Any CPU
		Release|Any CPU = Release|Any CPU
	EndGlobalSection
	GlobalSection(ProjectConfigurationPlatforms) = postSolution
		{425D9B49-9BBC-4A20-BDC6-636B28950F09}.Debug|Any CPU.ActiveCfg = Debug|Any CPU
		{425D9B49-9BBC-4A20-BDC6-636B28950F09}.Debug|Any CPU.Build.0 = Debug|Any CPU
		{425D9B49-9BBC-4A20-BDC6-636B28950F09}.Release|Any CPU.ActiveCfg = Release|Any CPU
		{425D9B49-9BBC-4A20-BDC6-636B28950F09}.Release|Any CPU.Build.0 = Release|Any CPU
		{916AFA92-0EAF-4C99-98AA-DB7EF0F18B34}.Debug|Any CPU.ActiveCfg = Debug|Any CPU
		{916AFA92-0EAF-4C99-98AA-DB7EF0F18B34}.Debug|Any CPU.Build.0 = Debug|Any CPU
		{916AFA92-0EAF-4C99-98AA-DB7EF0F18B34}.Release|Any CPU.ActiveCfg = Release|Any CPU
		{916AFA92-0EAF-4C99-98AA-DB7EF0F18B34}.Release|Any CPU.Build.0 = Release|Any CPU
		{A87F916E-46E1-43C0-A102-71AD61E54ECE}.Debug|Any CPU.ActiveCfg = Debug|Any CPU
		{A87F916E-46E1-43C0-A102-71AD61E54ECE}.Debug|Any CPU.Build.0 = Debug|Any CPU
		{A87F916E-46E1-43C0-A102-71AD61E54ECE}.Release|Any CPU.ActiveCfg = Release|Any CPU
		{A87F916E-46E1-43C0-A102-71AD61E54ECE}.Release|Any CPU.Build.0 = Release|Any CPU
		{16554760-B0DB-4641-B48C-30E4B7188DA7}.Debug|Any CPU.ActiveCfg = Debug|Any CPU
		{16554760-B0DB-4641-B48C-30E4B7188DA7}.Debug|Any CPU.Build.0 = Debug|Any CPU
		{16554760-B0DB-4641-B48C-30E4B7188DA7}.Release|Any CPU.ActiveCfg = Release|Any CPU
		{16554760-B0DB-4641-B48C-30E4B7188DA7}.Release|Any CPU.Build.0 = Release|Any CPU
		{ECBE4D47-8C68-48C1-878C-1DE03E52F26A}.Debug|Any CPU.ActiveCfg = Debug|Any CPU
		{ECBE4D47-8C68-48C1-878C-1DE03E52F26A}.Debug|Any CPU.Build.0 = Debug|Any CPU
		{ECBE4D47-8C68-48C1-878C-1DE03E52F26A}.Release|Any CPU.ActiveCfg = Release|Any CPU
		{ECBE4D47-8C68-48C1-878C-1DE03E52F26A}.Release|Any CPU.Build.0 = Release|Any CPU
		{C03D8E97-5CCF-4AD7-A15F-5A54C853DB78}.Debug|Any CPU.ActiveCfg = Debug|Any CPU
		{C03D8E97-5CCF-4AD7-A15F-5A54C853DB78}.Debug|Any CPU.Build.0 = Debug|Any CPU
		{C03D8E97-5CCF-4AD7-A15F-5A54C853DB78}.Release|Any CPU.ActiveCfg = Release|Any CPU
		{C03D8E97-5CCF-4AD7-A15F-5A54C853DB78}.Release|Any CPU.Build.0 = Release|Any CPU
		{88AB39A2-1E6C-4166-9982-4D85340535EF}.Debug|Any CPU.ActiveCfg = Debug|Any CPU
		{88AB39A2-1E6C-4166-9982-4D85340535EF}.Debug|Any CPU.Build.0 = Debug|Any CPU
		{88AB39A2-1E6C-4166-9982-4D85340535EF}.Release|Any CPU.ActiveCfg = Release|Any CPU
		{88AB39A2-1E6C-4166-9982-4D85340535EF}.Release|Any CPU.Build.0 = Release|Any CPU
		{D4D44B93-8A6B-42BC-B234-57DDF83C5C8D}.Debug|Any CPU.ActiveCfg = Debug|Any CPU
		{D4D44B93-8A6B-42BC-B234-57DDF83C5C8D}.Debug|Any CPU.Build.0 = Debug|Any CPU
		{D4D44B93-8A6B-42BC-B234-57DDF83C5C8D}.Release|Any CPU.ActiveCfg = Release|Any CPU
		{D4D44B93-8A6B-42BC-B234-57DDF83C5C8D}.Release|Any CPU.Build.0 = Release|Any CPU
		{9F1ACB9A-BD63-4AC2-B4B6-623D72187F67}.Debug|Any CPU.ActiveCfg = Debug|Any CPU
		{9F1ACB9A-BD63-4AC2-B4B6-623D72187F67}.Debug|Any CPU.Build.0 = Debug|Any CPU
		{9F1ACB9A-BD63-4AC2-B4B6-623D72187F67}.Release|Any CPU.ActiveCfg = Release|Any CPU
		{9F1ACB9A-BD63-4AC2-B4B6-623D72187F67}.Release|Any CPU.Build.0 = Release|Any CPU
		{DD021934-07D6-4510-BB61-1E038B107420}.Debug|Any CPU.ActiveCfg = Debug|Any CPU
		{DD021934-07D6-4510-BB61-1E038B107420}.Debug|Any CPU.Build.0 = Debug|Any CPU
		{DD021934-07D6-4510-BB61-1E038B107420}.Release|Any CPU.ActiveCfg = Release|Any CPU
		{DD021934-07D6-4510-BB61-1E038B107420}.Release|Any CPU.Build.0 = Release|Any CPU
		{8DC3AF7E-F35C-414F-8ABB-EE6EED7DA4AB}.Debug|Any CPU.ActiveCfg = Debug|Any CPU
		{8DC3AF7E-F35C-414F-8ABB-EE6EED7DA4AB}.Debug|Any CPU.Build.0 = Debug|Any CPU
		{8DC3AF7E-F35C-414F-8ABB-EE6EED7DA4AB}.Release|Any CPU.ActiveCfg = Release|Any CPU
		{8DC3AF7E-F35C-414F-8ABB-EE6EED7DA4AB}.Release|Any CPU.Build.0 = Release|Any CPU
		{846DF1DB-F4CC-4015-B3F6-C73D292993CD}.Debug|Any CPU.ActiveCfg = Debug|Any CPU
		{846DF1DB-F4CC-4015-B3F6-C73D292993CD}.Debug|Any CPU.Build.0 = Debug|Any CPU
		{846DF1DB-F4CC-4015-B3F6-C73D292993CD}.Release|Any CPU.ActiveCfg = Release|Any CPU
		{846DF1DB-F4CC-4015-B3F6-C73D292993CD}.Release|Any CPU.Build.0 = Release|Any CPU
		{82D9D813-F2F3-4E50-8A10-078066ED0CBF}.Debug|Any CPU.ActiveCfg = Debug|Any CPU
		{82D9D813-F2F3-4E50-8A10-078066ED0CBF}.Debug|Any CPU.Build.0 = Debug|Any CPU
		{82D9D813-F2F3-4E50-8A10-078066ED0CBF}.Release|Any CPU.ActiveCfg = Release|Any CPU
		{82D9D813-F2F3-4E50-8A10-078066ED0CBF}.Release|Any CPU.Build.0 = Release|Any CPU
		{6F5685D8-0347-4DB2-AB7E-5E85C6B2DFEC}.Debug|Any CPU.ActiveCfg = Debug|Any CPU
		{6F5685D8-0347-4DB2-AB7E-5E85C6B2DFEC}.Debug|Any CPU.Build.0 = Debug|Any CPU
		{6F5685D8-0347-4DB2-AB7E-5E85C6B2DFEC}.Release|Any CPU.ActiveCfg = Release|Any CPU
		{6F5685D8-0347-4DB2-AB7E-5E85C6B2DFEC}.Release|Any CPU.Build.0 = Release|Any CPU
		{930C5EB4-ECF6-4168-8E6D-9B6177E3EBA8}.Debug|Any CPU.ActiveCfg = Debug|Any CPU
		{930C5EB4-ECF6-4168-8E6D-9B6177E3EBA8}.Debug|Any CPU.Build.0 = Debug|Any CPU
		{930C5EB4-ECF6-4168-8E6D-9B6177E3EBA8}.Release|Any CPU.ActiveCfg = Release|Any CPU
		{930C5EB4-ECF6-4168-8E6D-9B6177E3EBA8}.Release|Any CPU.Build.0 = Release|Any CPU
		{A947CC0B-C71C-4DEC-AD74-0A7A1D86DBEE}.Debug|Any CPU.ActiveCfg = Debug|Any CPU
		{A947CC0B-C71C-4DEC-AD74-0A7A1D86DBEE}.Debug|Any CPU.Build.0 = Debug|Any CPU
		{A947CC0B-C71C-4DEC-AD74-0A7A1D86DBEE}.Release|Any CPU.ActiveCfg = Release|Any CPU
		{A947CC0B-C71C-4DEC-AD74-0A7A1D86DBEE}.Release|Any CPU.Build.0 = Release|Any CPU
		{A413E346-C830-489B-81F9-50B1E1DB0089}.Debug|Any CPU.ActiveCfg = Debug|Any CPU
		{A413E346-C830-489B-81F9-50B1E1DB0089}.Debug|Any CPU.Build.0 = Debug|Any CPU
		{A413E346-C830-489B-81F9-50B1E1DB0089}.Release|Any CPU.ActiveCfg = Release|Any CPU
		{A413E346-C830-489B-81F9-50B1E1DB0089}.Release|Any CPU.Build.0 = Release|Any CPU
		{AC275CC6-4652-4553-ADBF-A4992886AC88}.Debug|Any CPU.ActiveCfg = Debug|Any CPU
		{AC275CC6-4652-4553-ADBF-A4992886AC88}.Debug|Any CPU.Build.0 = Debug|Any CPU
		{AC275CC6-4652-4553-ADBF-A4992886AC88}.Release|Any CPU.ActiveCfg = Release|Any CPU
		{AC275CC6-4652-4553-ADBF-A4992886AC88}.Release|Any CPU.Build.0 = Release|Any CPU
	EndGlobalSection
	GlobalSection(SolutionProperties) = preSolution
		HideSolutionNode = FALSE
	EndGlobalSection
EndGlobal
