
Microsoft Visual Studio Solution File, Format Version 12.00
# Visual Studio 15
VisualStudioVersion = 15.0.26430.16
MinimumVisualStudioVersion = 10.0.40219.1
Project("{FAE04EC0-301F-11D3-BF4B-00C04F79EFBC}") = "01.BlankReceipt", "01.BlankReceipt\01.BlankReceipt.csproj", "{2AAB046E-F61B-49E2-9418-458D1CF149E7}"
EndProject
Project("{FAE04EC0-301F-11D3-BF4B-00C04F79EFBC}") = "02.SignOfIntegerNumber", "02.SignOfIntegerNumber\02.SignOfIntegerNumber.csproj", "{BCAE2681-F33C-4A16-8EF1-BE7E2252E078}"
EndProject
Project("{FAE04EC0-301F-11D3-BF4B-00C04F79EFBC}") = "03.PrintingTriangle", "03.PrintingTriangle\03.PrintingTriangle.csproj", "{30D55A3F-9B73-433A-A29F-19883473EA06}"
EndProject
Project("{FAE04EC0-301F-11D3-BF4B-00C04F79EFBC}") = "04.DrawAFilledSquare", "04.DrawAFilledSquare\04.DrawAFilledSquare.csproj", "{16AE06A0-ACE1-4597-8C68-E3FA7E30DA42}"
EndProject
Project("{FAE04EC0-301F-11D3-BF4B-00C04F79EFBC}") = "05.TemperatureConversion", "05.TemperatureConversion\05.TemperatureConversion.csproj", "{A0908BFF-A3D1-4D4D-BFFA-15C7BEE16EB5}"
EndProject
Project("{FAE04EC0-301F-11D3-BF4B-00C04F79EFBC}") = "06.CalculateTriangleArea", "06.CalculateTriangleArea\06.CalculateTriangleArea.csproj", "{146F93EE-1929-49A7-8683-9C6D606BDE2D}"
EndProject
Project("{FAE04EC0-301F-11D3-BF4B-00C04F79EFBC}") = "07.MathPower", "07.MathPower\07.MathPower.csproj", "{5865C843-83D1-40FE-870E-1EDB5020D44F}"
EndProject
Project("{FAE04EC0-301F-11D3-BF4B-00C04F79EFBC}") = "08.GreaterOfTwoValues", "08.GreaterOfTwoValues\08.GreaterOfTwoValues.csproj", "{CA3E8BF5-3144-4A99-868B-E8048DE912A0}"
EndProject
Project("{FAE04EC0-301F-11D3-BF4B-00C04F79EFBC}") = "09.MultiplyEvensByOdds", "09.MultiplyEvensByOdds\09.MultiplyEvensByOdds.csproj", "{5E751282-2BB3-4571-A9BC-53DD5A11302F}"
EndProject
Project("{FAE04EC0-301F-11D3-BF4B-00C04F79EFBC}") = "10.HolidaysBetweenTwoDates", "10.HolidaysBetweenTwoDates\10.HolidaysBetweenTwoDates.csproj", "{FB24697E-727B-4BC1-A292-9501B1401D22}"
EndProject
Project("{FAE04EC0-301F-11D3-BF4B-00C04F79EFBC}") = "11.PriceChangeAlert", "11.PriceChangeAlert\11.PriceChangeAlert.csproj", "{4F765619-8742-407E-819E-83A82702C04D}"
EndProject
Global
	GlobalSection(SolutionConfigurationPlatforms) = preSolution
		Debug|Any CPU = Debug|Any CPU
		Release|Any CPU = Release|Any CPU
	EndGlobalSection
	GlobalSection(ProjectConfigurationPlatforms) = postSolution
		{2AAB046E-F61B-49E2-9418-458D1CF149E7}.Debug|Any CPU.ActiveCfg = Debug|Any CPU
		{2AAB046E-F61B-49E2-9418-458D1CF149E7}.Debug|Any CPU.Build.0 = Debug|Any CPU
		{2AAB046E-F61B-49E2-9418-458D1CF149E7}.Release|Any CPU.ActiveCfg = Release|Any CPU
		{2AAB046E-F61B-49E2-9418-458D1CF149E7}.Release|Any CPU.Build.0 = Release|Any CPU
		{BCAE2681-F33C-4A16-8EF1-BE7E2252E078}.Debug|Any CPU.ActiveCfg = Debug|Any CPU
		{BCAE2681-F33C-4A16-8EF1-BE7E2252E078}.Debug|Any CPU.Build.0 = Debug|Any CPU
		{BCAE2681-F33C-4A16-8EF1-BE7E2252E078}.Release|Any CPU.ActiveCfg = Release|Any CPU
		{BCAE2681-F33C-4A16-8EF1-BE7E2252E078}.Release|Any CPU.Build.0 = Release|Any CPU
		{30D55A3F-9B73-433A-A29F-19883473EA06}.Debug|Any CPU.ActiveCfg = Debug|Any CPU
		{30D55A3F-9B73-433A-A29F-19883473EA06}.Debug|Any CPU.Build.0 = Debug|Any CPU
		{30D55A3F-9B73-433A-A29F-19883473EA06}.Release|Any CPU.ActiveCfg = Release|Any CPU
		{30D55A3F-9B73-433A-A29F-19883473EA06}.Release|Any CPU.Build.0 = Release|Any CPU
		{16AE06A0-ACE1-4597-8C68-E3FA7E30DA42}.Debug|Any CPU.ActiveCfg = Debug|Any CPU
		{16AE06A0-ACE1-4597-8C68-E3FA7E30DA42}.Debug|Any CPU.Build.0 = Debug|Any CPU
		{16AE06A0-ACE1-4597-8C68-E3FA7E30DA42}.Release|Any CPU.ActiveCfg = Release|Any CPU
		{16AE06A0-ACE1-4597-8C68-E3FA7E30DA42}.Release|Any CPU.Build.0 = Release|Any CPU
		{A0908BFF-A3D1-4D4D-BFFA-15C7BEE16EB5}.Debug|Any CPU.ActiveCfg = Debug|Any CPU
		{A0908BFF-A3D1-4D4D-BFFA-15C7BEE16EB5}.Debug|Any CPU.Build.0 = Debug|Any CPU
		{A0908BFF-A3D1-4D4D-BFFA-15C7BEE16EB5}.Release|Any CPU.ActiveCfg = Release|Any CPU
		{A0908BFF-A3D1-4D4D-BFFA-15C7BEE16EB5}.Release|Any CPU.Build.0 = Release|Any CPU
		{146F93EE-1929-49A7-8683-9C6D606BDE2D}.Debug|Any CPU.ActiveCfg = Debug|Any CPU
		{146F93EE-1929-49A7-8683-9C6D606BDE2D}.Debug|Any CPU.Build.0 = Debug|Any CPU
		{146F93EE-1929-49A7-8683-9C6D606BDE2D}.Release|Any CPU.ActiveCfg = Release|Any CPU
		{146F93EE-1929-49A7-8683-9C6D606BDE2D}.Release|Any CPU.Build.0 = Release|Any CPU
		{5865C843-83D1-40FE-870E-1EDB5020D44F}.Debug|Any CPU.ActiveCfg = Debug|Any CPU
		{5865C843-83D1-40FE-870E-1EDB5020D44F}.Debug|Any CPU.Build.0 = Debug|Any CPU
		{5865C843-83D1-40FE-870E-1EDB5020D44F}.Release|Any CPU.ActiveCfg = Release|Any CPU
		{5865C843-83D1-40FE-870E-1EDB5020D44F}.Release|Any CPU.Build.0 = Release|Any CPU
		{CA3E8BF5-3144-4A99-868B-E8048DE912A0}.Debug|Any CPU.ActiveCfg = Debug|Any CPU
		{CA3E8BF5-3144-4A99-868B-E8048DE912A0}.Debug|Any CPU.Build.0 = Debug|Any CPU
		{CA3E8BF5-3144-4A99-868B-E8048DE912A0}.Release|Any CPU.ActiveCfg = Release|Any CPU
		{CA3E8BF5-3144-4A99-868B-E8048DE912A0}.Release|Any CPU.Build.0 = Release|Any CPU
		{5E751282-2BB3-4571-A9BC-53DD5A11302F}.Debug|Any CPU.ActiveCfg = Debug|Any CPU
		{5E751282-2BB3-4571-A9BC-53DD5A11302F}.Debug|Any CPU.Build.0 = Debug|Any CPU
		{5E751282-2BB3-4571-A9BC-53DD5A11302F}.Release|Any CPU.ActiveCfg = Release|Any CPU
		{5E751282-2BB3-4571-A9BC-53DD5A11302F}.Release|Any CPU.Build.0 = Release|Any CPU
		{FB24697E-727B-4BC1-A292-9501B1401D22}.Debug|Any CPU.ActiveCfg = Debug|Any CPU
		{FB24697E-727B-4BC1-A292-9501B1401D22}.Debug|Any CPU.Build.0 = Debug|Any CPU
		{FB24697E-727B-4BC1-A292-9501B1401D22}.Release|Any CPU.ActiveCfg = Release|Any CPU
		{FB24697E-727B-4BC1-A292-9501B1401D22}.Release|Any CPU.Build.0 = Release|Any CPU
		{4F765619-8742-407E-819E-83A82702C04D}.Debug|Any CPU.ActiveCfg = Debug|Any CPU
		{4F765619-8742-407E-819E-83A82702C04D}.Debug|Any CPU.Build.0 = Debug|Any CPU
		{4F765619-8742-407E-819E-83A82702C04D}.Release|Any CPU.ActiveCfg = Release|Any CPU
		{4F765619-8742-407E-819E-83A82702C04D}.Release|Any CPU.Build.0 = Release|Any CPU
	EndGlobalSection
	GlobalSection(SolutionProperties) = preSolution
		HideSolutionNode = FALSE
	EndGlobalSection
EndGlobal
